{
  "name": "arvex",
  "version": "1.0.0",
  "lockfileVersion": 3,
  "requires": true,
  "packages": {
    "": {
      "name": "arvex",
      "version": "1.0.0",
      "license": "ISC",
      "dependencies": {
        "adm-zip": "^0.5.17",
        "pdfjs-dist": "^5.6.205"
      }
    },
    "node_modules/@napi-rs/canvas": {
      "version": "0.1.98",
      "resolved": "https://registry.npmjs.org/@napi-rs/canvas/-/canvas-0.1.98.tgz",
      "integrity": "sha512-WDg3lxYMqlrg49sDVUlrHVfIEPsd5AjYDRuGD6Fu82K5agJx0UnWA+l5qd53GNLRiMN2WhOw7FLR+Er5QB/0SA==",
      "license": "MIT",
      "optional": true,
      "workspaces": [
        "e2e/*"
      ],
      "engines": {
        "node": ">= 10"
      },
      "funding": {
        "type": "github",
        "url": "https://github.com/sponsors/Brooooooklyn"
      },
      "optionalDependencies": {
        "@napi-rs/canvas-android-arm64": "0.1.98",
        "@napi-rs/canvas-darwin-arm64": "0.1.98",
        "@napi-rs/canvas-darwin-x64": "0.1.98",
        "@napi-rs/canvas-linux-arm-gnueabihf": "0.1.98",
        "@napi-rs/canvas-linux-arm64-gnu": "0.1.98",
        "@napi-rs/canvas-linux-arm64-musl": "0.1.98",
        "@napi-rs/canvas-linux-riscv64-gnu": "0.1.98",
        "@napi-rs/canvas-linux-x64-gnu": "0.1.98",
        "@napi-rs/canvas-linux-x64-musl": "0.1.98",
        "@napi-rs/canvas-win32-arm64-msvc": "0.1.98",
        "@napi-rs/canvas-win32-x64-msvc": "0.1.98"
      }
    },
    "node_modules/@napi-rs/canvas-android-arm64": {
      "version": "0.1.98",
      "resolved": "https://registry.npmjs.org/@napi-rs/canvas-android-arm64/-/canvas-android-arm64-0.1.98.tgz",
      "integrity": "sha512-O45Ifr0WZJUrSyg0QgB+67TiC0zYBRkBK+d43ZV4JtlwH3XttiVxLvlxEeULiH5y1MSELruspF0bjF6xXwJNPQ==",
      "cpu": [
        "arm64"
      ],
      "license": "MIT",
      "optional": true,
      "os": [
        "android"
      ],
      "engines": {
        "node": ">= 10"
      },
      "funding": {
        "type": "github",
        "url": "https://github.com/sponsors/Brooooooklyn"
      }
    },
    "node_modules/@napi-rs/canvas-darwin-arm64": {
      "version": "0.1.98",
      "resolved": "https://registry.npmjs.org/@napi-rs/canvas-darwin-arm64/-/canvas-darwin-arm64-0.1.98.tgz",
      "integrity": "sha512-1b/nQhw6Isdv14JokUqat+i5wrAYD+ce3egiotedBGRUjVxYSj4s2uQCh2bFsyX5/9A5iTKVGsWoQhFft+j7Lg==",
      "cpu": [
        "arm64"
      ],
      "license": "MIT",
      "optional": true,
      "os": [
        "darwin"
      ],
      "engines": {
        "node": ">= 10"
      },
      "funding": {
        "type": "github",
        "url": "https://github.com/sponsors/Brooooooklyn"
      }
    },
    "node_modules/@napi-rs/canvas-darwin-x64": {
      "version": "0.1.98",
      "resolved": "https://registry.npmjs.org/@napi-rs/canvas-darwin-x64/-/canvas-darwin-x64-0.1.98.tgz",
      "integrity": "sha512-oefzfBM8mwnyYp6S+yNXwjCoLdkOalFG24mssHgvrJDS0FulOryyI35Q7GdJGmrzuL4oo1XW3ZTOcTBLdJ8Zkg==",
      "cpu": [
        "x64"
      ],
      "license": "MIT",
      "optional": true,
      "os": [
        "darwin"
      ],
      "engines": {
        "node": ">= 10"
      },
      "funding": {
        "type": "github",
        "url": "https://github.com/sponsors/Brooooooklyn"
      }
    },
    "node_modules/@napi-rs/canvas-linux-arm-gnueabihf": {
      "version": "0.1.98",
      "resolved": "https://registry.npmjs.org/@napi-rs/canvas-linux-arm-gnueabihf/-/canvas-linux-arm-gnueabihf-0.1.98.tgz",
      "integrity": "sha512-NDH5QXGmf8wlo5yhijCNGVFiJk7an5GvHwb2LHyfLQWY/6/S48i5+YtY6FPqPVVCUckNGudYOfXEJnb3/FiJGQ==",
      "cpu": [
        "arm"
      ],
      "license": "MIT",
      "optional": true,
      "os": [
        "linux"
      ],
      "engines": {
        "node": ">= 10"
      },
      "funding": {
        "type": "github",
        "url": "https://github.com/sponsors/Brooooooklyn"
      }
    },
    "node_modules/@napi-rs/canvas-linux-arm64-gnu": {
      "version": "0.1.98",
      "resolved": "https://registry.npmjs.org/@napi-rs/canvas-linux-arm64-gnu/-/canvas-linux-arm64-gnu-0.1.98.tgz",
      "integrity": "sha512-KBLLM6tu1xs80LSAqdSLBKkgct0S23MCEf/aq8yxzg5imAceqp1ulKeELgWaYm27MgpUhm3Q7jmegX12FfphwA==",
      "cpu": [
        "arm64"
      ],
      "license": "MIT",
      "optional": true,
      "os": [
        "linux"
      ],
      "engines": {
        "node": ">= 10"
      },
      "funding": {
        "type": "github",
        "url": "https://github.com/sponsors/Brooooooklyn"
      }
    },
    "node_modules/@napi-rs/canvas-linux-arm64-musl": {
      "version": "0.1.98",
      "resolved": "https://registry.npmjs.org/@napi-rs/canvas-linux-arm64-musl/-/canvas-linux-arm64-musl-0.1.98.tgz",
      "integrity": "sha512-mfMNhjN5zDcJafqQ6sHj4Tc3YMTRxP5UA3MHtp/ssytBR/k6XO0x+1IIPtscnUKwha+ql1++WjDCGEgqu8OfWQ==",
      "cpu": [
        "arm64"
      ],
      "license": "MIT",
      "optional": true,
      "os": [
        "linux"
      ],
      "engines": {
        "node": ">= 10"
      },
      "funding": {
        "type": "github",
        "url": "https://github.com/sponsors/Brooooooklyn"
      }
    },
    "node_modules/@napi-rs/canvas-linux-riscv64-gnu": {
      "version": "0.1.98",
      "resolved": "https://registry.npmjs.org/@napi-rs/canvas-linux-riscv64-gnu/-/canvas-linux-riscv64-gnu-0.1.98.tgz",
      "integrity": "sha512-nfW8esrcaeuhrO3qGA5cwuyk4Ak6cn2eB0LtEYtqROIl+fz06CNGNCU0M95+Tspw5ZgfSbc98SaigT5r5B3LVQ==",
      "cpu": [
        "riscv64"
      ],
      "license": "MIT",
      "optional": true,
      "os": [
        "linux"
      ],
      "engines": {
        "node": ">= 10"
      },
      "funding": {
        "type": "github",
        "url": "https://github.com/sponsors/Brooooooklyn"
      }
    },
    "node_modules/@napi-rs/canvas-linux-x64-gnu": {
      "version": "0.1.98",
      "resolved": "https://registry.npmjs.org/@napi-rs/canvas-linux-x64-gnu/-/canvas-linux-x64-gnu-0.1.98.tgz",
      "integrity": "sha512-318UT8j6Gro2bTjtutjQXHWp9SLTNw+WRS4wQ6XIRPAyzBGnGHg7x2ndD+oqkPrrSRIbYLA5WoBcCasaF7lSTQ==",
      "cpu": [
        "x64"
      ],
      "license": "MIT",
      "optional": true,
      "os": [
        "linux"
      ],
      "engines": {
        "node": ">= 10"
      },
      "funding": {
        "type": "github",
        "url": "https://github.com/sponsors/Brooooooklyn"
      }
    },
    "node_modules/@napi-rs/canvas-linux-x64-musl": {
      "version": "0.1.98",
      "resolved": "https://registry.npmjs.org/@napi-rs/canvas-linux-x64-musl/-/canvas-linux-x64-musl-0.1.98.tgz",
      "integrity": "sha512-0vZhI74UxnA4VqlW4UvM0dFRrjE1RLEe/OXSBjzytGIxV+yOG4exlrhGoIpAQaIpQQQXMCdb1EmbvPC1k9vEqQ==",
      "cpu": [
        "x64"
      ],
      "license": "MIT",
      "optional": true,
      "os": [
        "linux"
      ],
      "engines": {
        "node": ">= 10"
      },
      "funding": {
        "type": "github",
        "url": "https://github.com/sponsors/Brooooooklyn"
      }
    },
    "node_modules/@napi-rs/canvas-win32-arm64-msvc": {
      "version": "0.1.98",
      "resolved": "https://registry.npmjs.org/@napi-rs/canvas-win32-arm64-msvc/-/canvas-win32-arm64-msvc-0.1.98.tgz",
      "integrity": "sha512-oiC/IxgFEEVcZ7VH7JXXlmgsqRvmFb57PIQ4gQck35IKFZCNUvdNCcN3OeoLP7Hpf5160MWJf9jj/+E5V0bSvw==",
      "cpu": [
        "arm64"
      ],
      "license": "MIT",
      "optional": true,
      "os": [
        "win32"
      ],
      "engines": {
        "node": ">= 10"
      },
      "funding": {
        "type": "github",
        "url": "https://github.com/sponsors/Brooooooklyn"
      }
    },
    "node_modules/@napi-rs/canvas-win32-x64-msvc": {
      "version": "0.1.98",
      "resolved": "https://registry.npmjs.org/@napi-rs/canvas-win32-x64-msvc/-/canvas-win32-x64-msvc-0.1.98.tgz",
      "integrity": "sha512-ZqstKAJBSyZetU8udUvBQWPlGN9buawFvjuo9mgCAxzbOoJAgXX39ihec/nn42T5Vb6/qyn45eTimx5ND9kMEw==",
      "cpu": [
        "x64"
      ],
      "license": "MIT",
      "optional": true,
      "os": [
        "win32"
      ],
      "engines": {
        "node": ">= 10"
      },
      "funding": {
        "type": "github",
        "url": "https://github.com/sponsors/Brooooooklyn"
      }
    },
    "node_modules/adm-zip": {
      "version": "0.5.17",
      "resolved": "https://registry.npmjs.org/adm-zip/-/adm-zip-0.5.17.tgz",
      "integrity": "sha512-+Ut8d9LLqwEvHHJl1+PIHqoyDxFgVN847JTVM3Izi3xHDWPE4UtzzXysMZQs64DMcrJfBeS/uoEP4AD3HQHnQQ==",
      "license": "MIT",
      "engines": {
        "node": ">=12.0"
      }
    },
    "node_modules/node-readable-to-web-readable-stream": {
      "version": "0.4.2",
      "resolved": "https://registry.npmjs.org/node-readable-to-web-readable-stream/-/node-readable-to-web-readable-stream-0.4.2.tgz",
      "integrity": "sha512-/cMZNI34v//jUTrI+UIo4ieHAB5EZRY/+7OmXZgBxaWBMcW2tGdceIw06RFxWxrKZ5Jp3sI2i5TsRo+CBhtVLQ==",
      "license": "MIT",
      "optional": true
    },
    "node_modules/pdfjs-dist": {
      "version": "5.6.205",
      "resolved": "https://registry.npmjs.org/pdfjs-dist/-/pdfjs-dist-5.6.205.tgz",
      "integrity": "sha512-tlUj+2IDa7G1SbvBNN74UHRLJybZDWYom+k6p5KIZl7huBvsA4APi6mKL+zCxd3tLjN5hOOEE9Tv7VdzO88pfg==",
      "license": "Apache-2.0",
      "engines": {
        "node": ">=20.19.0 || >=22.13.0 || >=24"
      },
      "optionalDependencies": {
        "@napi-rs/canvas": "^0.1.96",
        "node-readable-to-web-readable-stream": "^0.4.2"
      }
    }
  }
}
